# This file was generated by Aiken
# You typically do not need to edit this file

[[requirements]]
name = "aiken-lang/stdlib"
version = "2.2.0"
source = "github"

[[requirements]]
name = "aiken-lang/fuzz"
version = "2.1.0"
source = "github"

[[requirements]]
name = "aiken-extra/fuzz_util"
version = "main"
source = "github"

[[requirements]]
name = "ariady-putra/time_util"
version = "main"
source = "github"

[[requirements]]
name = "ariady-putra/tx_util"
version = "main"
source = "github"

[[packages]]
name = "aiken-lang/stdlib"
version = "2.2.0"
requirements = []
source = "github"

[[packages]]
name = "aiken-lang/fuzz"
version = "2.1.0"
requirements = []
source = "github"

[[packages]]
name = "aiken-extra/fuzz_util"
version = "main"
requirements = []
source = "github"

[[packages]]
name = "ariady-putra/time_util"
version = "main"
requirements = []
source = "github"

[[packages]]
name = "ariady-putra/tx_util"
version = "main"
requirements = []
source = "github"

[etags]
"aiken-extra/fuzz_util@main" = [{ secs_since_epoch = 1735548948, nanos_since_epoch = 362436224 }, "68d50252c72e0a68f504b891a086f41d0e97d1c93fb6aded91b3e8faaae8121d"]
"ariady-putra/time_util@main" = [{ secs_since_epoch = 1735548949, nanos_since_epoch = 51373521 }, "81682fd106fc4ae12a3fca2ae4c882afd3e392bf5b6d0515349785572581d40b"]
"ariady-putra/tx_util@main" = [{ secs_since_epoch = 1735548949, nanos_since_epoch = 788336070 }, "7ed4da15cfd05db76d4ee2a5a34f215e6582f13fc24314ef1b7b5e4a03f11894"]
