# This file was generated by Aiken
# You typically do not need to edit this file

[[requirements]]
name = "aiken-lang/stdlib"
version = "2.2.0"
source = "github"

[[requirements]]
name = "aiken-lang/fuzz"
version = "2.1.0"
source = "github"

[[requirements]]
name = "aiken-extra/test_kit"
version = "hydrogen"
source = "github"

[[packages]]
name = "aiken-lang/stdlib"
version = "2.2.0"
requirements = []
source = "github"

[[packages]]
name = "aiken-lang/fuzz"
version = "2.1.0"
requirements = []
source = "github"

[[packages]]
name = "aiken-extra/test_kit"
version = "hydrogen"
requirements = []
source = "github"

[etags]
"aiken-extra/test_kit@hydrogen" = [{ secs_since_epoch = 1736324402, nanos_since_epoch = 261005006 }, "33e017a71dbbd1094aee79842bd48e4b9396a9e1e6811d42a42ffd376853e282"]
